<?xml version="1.0" encoding="UTF-8" standalone="yes" ?>
<CodeBlocks_project_file>
	<FileVersion major="1" minor="6" />
	<Project>
		<Option title="TPI_Sist_De_Gestion_Grupo_23" />
		<Option pch_mode="2" />
		<Option compiler="gcc" />
		<Build>
			<Target title="Debug">
				<Option output="bin/Debug/TPI_Sist_De_Gestion_Grupo_23" prefix_auto="1" extension_auto="1" />
				<Option object_output="obj/Debug/" />
				<Option type="1" />
				<Option compiler="gcc" />
				<Compiler>
					<Add option="-g" />
					<Add directory="include" />
				</Compiler>
			</Target>
			<Target title="Release">
				<Option output="bin/Release/TPI_Sist_De_Gestion_Grupo_23" prefix_auto="1" extension_auto="1" />
				<Option object_output="obj/Release/" />
				<Option type="1" />
				<Option compiler="gcc" />
				<Compiler>
					<Add option="-O2" />
					<Add directory="include" />
				</Compiler>
				<Linker>
					<Add option="-s" />
				</Linker>
			</Target>
		</Build>
		<Compiler>
			<Add option="-Wall" />
			<Add option="-fexceptions" />
			<Add directory="include" />
		</Compiler>
		<Unit filename="include/Autor.h" />
		<Unit filename="include/Cuotas.h" />
		<Unit filename="include/Fecha.h" />
		<Unit filename="include/Genero.h" />
		<Unit filename="include/Libro.h" />
		<Unit filename="include/Menus.h" />
		<Unit filename="include/Pagos.h" />
		<Unit filename="include/Prestamo.h" />
		<Unit filename="include/Socio.h" />
		<Unit filename="include/rlutil.h" />
		<Unit filename="main.cpp" />
		<Unit filename="src/Autor.cpp" />
		<Unit filename="src/Cuotas.cpp" />
		<Unit filename="src/Fecha.cpp" />
		<Unit filename="src/Genero.cpp" />
		<Unit filename="src/Libro.cpp" />
		<Unit filename="src/Menus.cpp" />
		<Unit filename="src/Pagos.cpp" />
		<Unit filename="src/Prestamo.cpp" />
		<Unit filename="src/Socio.cpp" />
		<Extensions>
			<lib_finder disable_auto="1" />
		</Extensions>
	</Project>
</CodeBlocks_project_file>
